
Microsoft Visual Studio Solution File, Format Version 12.00
# Visual Studio Version 16
VisualStudioVersion = 16.0.28803.202
MinimumVisualStudioVersion = 10.0.40219.1
Project("{9A19103F-16F7-4668-BE54-9A1E7A4F7556}") = "WebsocketsSimple.Core", "WebsocketsSimple.Core\WebsocketsSimple.Core.csproj", "{901E17C4-E354-45BA-A7B6-8D3D542EEAB1}"
EndProject
Project("{9A19103F-16F7-4668-BE54-9A1E7A4F7556}") = "WebsocketsSimple.Server", "WebsocketsSimple.Server\WebsocketsSimple.Server.csproj", "{C1610377-2E55-4042-8076-D751FA53E900}"
EndProject
Project("{9A19103F-16F7-4668-BE54-9A1E7A4F7556}") = "WebsocketsSimple.Client", "WebsocketsSimple.Client\WebsocketsSimple.Client.csproj", "{00F6425A-F087-4CC3-A718-03E3F99DB581}"
EndProject
Project("{9A19103F-16F7-4668-BE54-9A1E7A4F7556}") = "WebsocketsSimple", "WebsocketsSimple\WebsocketsSimple.csproj", "{9C2BA620-E262-4007-9172-CFDCF1392AB6}"
EndProject
Project("{2150E333-8FDC-42A3-9474-1A3956D46DE8}") = "TestApps", "TestApps", "{04B6949A-CED9-4EDA-A048-5D9756B7DF3E}"
EndProject
Project("{9A19103F-16F7-4668-BE54-9A1E7A4F7556}") = "WebsocketsSimple.TestApps.Server", "TestApps\WebsocketsSimple.TestApps.Server\WebsocketsSimple.TestApps.Server.csproj", "{8D48462A-CFAF-47A9-99DF-0FA4C978E128}"
EndProject
Project("{9A19103F-16F7-4668-BE54-9A1E7A4F7556}") = "WebsocketsSimple.TestApps.Client", "TestApps\WebsocketsSimple.TestApps.Client\WebsocketsSimple.TestApps.Client.csproj", "{34F2D38E-7B9E-4ACC-A2DF-B192F6F907A3}"
EndProject
Global
	GlobalSection(SolutionConfigurationPlatforms) = preSolution
		Debug|Any CPU = Debug|Any CPU
		Release|Any CPU = Release|Any CPU
	EndGlobalSection
	GlobalSection(ProjectConfigurationPlatforms) = postSolution
		{901E17C4-E354-45BA-A7B6-8D3D542EEAB1}.Debug|Any CPU.ActiveCfg = Debug|Any CPU
		{901E17C4-E354-45BA-A7B6-8D3D542EEAB1}.Debug|Any CPU.Build.0 = Debug|Any CPU
		{901E17C4-E354-45BA-A7B6-8D3D542EEAB1}.Release|Any CPU.ActiveCfg = Release|Any CPU
		{901E17C4-E354-45BA-A7B6-8D3D542EEAB1}.Release|Any CPU.Build.0 = Release|Any CPU
		{C1610377-2E55-4042-8076-D751FA53E900}.Debug|Any CPU.ActiveCfg = Debug|Any CPU
		{C1610377-2E55-4042-8076-D751FA53E900}.Debug|Any CPU.Build.0 = Debug|Any CPU
		{C1610377-2E55-4042-8076-D751FA53E900}.Release|Any CPU.ActiveCfg = Release|Any CPU
		{C1610377-2E55-4042-8076-D751FA53E900}.Release|Any CPU.Build.0 = Release|Any CPU
		{00F6425A-F087-4CC3-A718-03E3F99DB581}.Debug|Any CPU.ActiveCfg = Debug|Any CPU
		{00F6425A-F087-4CC3-A718-03E3F99DB581}.Debug|Any CPU.Build.0 = Debug|Any CPU
		{00F6425A-F087-4CC3-A718-03E3F99DB581}.Release|Any CPU.ActiveCfg = Release|Any CPU
		{00F6425A-F087-4CC3-A718-03E3F99DB581}.Release|Any CPU.Build.0 = Release|Any CPU
		{9C2BA620-E262-4007-9172-CFDCF1392AB6}.Debug|Any CPU.ActiveCfg = Debug|Any CPU
		{9C2BA620-E262-4007-9172-CFDCF1392AB6}.Debug|Any CPU.Build.0 = Debug|Any CPU
		{9C2BA620-E262-4007-9172-CFDCF1392AB6}.Release|Any CPU.ActiveCfg = Release|Any CPU
		{9C2BA620-E262-4007-9172-CFDCF1392AB6}.Release|Any CPU.Build.0 = Release|Any CPU
		{8D48462A-CFAF-47A9-99DF-0FA4C978E128}.Debug|Any CPU.ActiveCfg = Debug|Any CPU
		{8D48462A-CFAF-47A9-99DF-0FA4C978E128}.Debug|Any CPU.Build.0 = Debug|Any CPU
		{8D48462A-CFAF-47A9-99DF-0FA4C978E128}.Release|Any CPU.ActiveCfg = Release|Any CPU
		{8D48462A-CFAF-47A9-99DF-0FA4C978E128}.Release|Any CPU.Build.0 = Release|Any CPU
		{34F2D38E-7B9E-4ACC-A2DF-B192F6F907A3}.Debug|Any CPU.ActiveCfg = Debug|Any CPU
		{34F2D38E-7B9E-4ACC-A2DF-B192F6F907A3}.Debug|Any CPU.Build.0 = Debug|Any CPU
		{34F2D38E-7B9E-4ACC-A2DF-B192F6F907A3}.Release|Any CPU.ActiveCfg = Release|Any CPU
		{34F2D38E-7B9E-4ACC-A2DF-B192F6F907A3}.Release|Any CPU.Build.0 = Release|Any CPU
	EndGlobalSection
	GlobalSection(SolutionProperties) = preSolution
		HideSolutionNode = FALSE
	EndGlobalSection
	GlobalSection(NestedProjects) = preSolution
		{8D48462A-CFAF-47A9-99DF-0FA4C978E128} = {04B6949A-CED9-4EDA-A048-5D9756B7DF3E}
		{34F2D38E-7B9E-4ACC-A2DF-B192F6F907A3} = {04B6949A-CED9-4EDA-A048-5D9756B7DF3E}
	EndGlobalSection
	GlobalSection(ExtensibilityGlobals) = postSolution
		SolutionGuid = {1057192C-61B8-478E-9683-B71AD30C4CAC}
	EndGlobalSection
EndGlobal
