
Microsoft Visual Studio Solution File, Format Version 12.00
# Visual Studio Version 17
VisualStudioVersion = 17.0.32014.148
MinimumVisualStudioVersion = 10.0.40219.1
Project("{2150E333-8FDC-42A3-9474-1A3956D46DE8}") = "TestApps", "TestApps", "{04B6949A-CED9-4EDA-A048-5D9756B7DF3E}"
EndProject
Project("{9A19103F-16F7-4668-BE54-9A1E7A4F7556}") = "WebsocketsSimple.TestApps.Client", "TestApps\WebsocketsSimple.TestApps.Client\WebsocketsSimple.TestApps.Client.csproj", "{34F2D38E-7B9E-4ACC-A2DF-B192F6F907A3}"
EndProject
Project("{9A19103F-16F7-4668-BE54-9A1E7A4F7556}") = "WebsocketsSimple.Core", "WebsocketsSimple.Core\WebsocketsSimple.Core.csproj", "{AFE72F68-A304-4D55-A262-EC193CC89451}"
EndProject
Project("{9A19103F-16F7-4668-BE54-9A1E7A4F7556}") = "WebsocketsSimple.Client", "WebsocketsSimple.Client\WebsocketsSimple.Client.csproj", "{E923FE03-9C56-43D7-BED6-7E023A4230CA}"
EndProject
Project("{9A19103F-16F7-4668-BE54-9A1E7A4F7556}") = "WebsocketsSimple", "WebsocketsSimple\WebsocketsSimple.csproj", "{07B6D7EF-CBF7-483E-929A-0837264A55DD}"
EndProject
Project("{9A19103F-16F7-4668-BE54-9A1E7A4F7556}") = "WebsocketsSimple.Server", "WebsocketsSimple.Server\WebsocketsSimple.Server.csproj", "{146204DA-0039-4755-9BD0-0361DB91525E}"
EndProject
Project("{9A19103F-16F7-4668-BE54-9A1E7A4F7556}") = "WebsocketsSimple.TestApps.Server", "TestApps\WebsocketsSimple.TestApps.Server\WebsocketsSimple.TestApps.Server.csproj", "{5ED75709-F4BD-4901-B0BF-7A964493B959}"
EndProject
<<<<<<< HEAD
=======
Project("{2150E333-8FDC-42A3-9474-1A3956D46DE8}") = "Resources", "Resources", "{2931DE98-61D7-4B7B-A2EA-DAB99356DF91}"
EndProject
Project("{9A19103F-16F7-4668-BE54-9A1E7A4F7556}") = "Tcp.NET", "Resources\Tcp.NET\Tcp.NET\Tcp.NET.csproj", "{129BD341-2507-4F2A-9918-3DC9224EBA30}"
EndProject
Project("{9A19103F-16F7-4668-BE54-9A1E7A4F7556}") = "Tcp.NET.Client", "Resources\Tcp.NET\Tcp.NET.Client\Tcp.NET.Client.csproj", "{61E38E93-A000-4F79-9007-56A2973CCA25}"
EndProject
Project("{9A19103F-16F7-4668-BE54-9A1E7A4F7556}") = "Tcp.NET.Core", "Resources\Tcp.NET\Tcp.NET.Core\Tcp.NET.Core.csproj", "{5B125843-E0B8-46EC-847D-D974825200CD}"
EndProject
Project("{9A19103F-16F7-4668-BE54-9A1E7A4F7556}") = "Tcp.NET.Server", "Resources\Tcp.NET\Tcp.NET.Server\Tcp.NET.Server.csproj", "{02EB44AD-E075-4DF5-A582-AC7FA949917E}"
EndProject
Project("{9A19103F-16F7-4668-BE54-9A1E7A4F7556}") = "PHS.Core", "Resources\Tcp.NET\Resources\PHS\PHS.Core\PHS.Core.csproj", "{81E9DA38-35AF-4AC4-BAB8-959E023E2233}"
EndProject
Project("{9A19103F-16F7-4668-BE54-9A1E7A4F7556}") = "PHS.Networking", "Resources\Tcp.NET\Resources\PHS\PHS.Networking\PHS.Networking.csproj", "{1CA6E05C-4405-4787-A7BA-2FA723584CD4}"
EndProject
Project("{9A19103F-16F7-4668-BE54-9A1E7A4F7556}") = "PHS.Networking.Server", "Resources\Tcp.NET\Resources\PHS\PHS.Networking.Server\PHS.Networking.Server.csproj", "{11E9ACD9-1933-4D1D-B99A-9763161759EA}"
EndProject
>>>>>>> Development
Global
	GlobalSection(SolutionConfigurationPlatforms) = preSolution
		Debug|Any CPU = Debug|Any CPU
		Release|Any CPU = Release|Any CPU
	EndGlobalSection
	GlobalSection(ProjectConfigurationPlatforms) = postSolution
		{34F2D38E-7B9E-4ACC-A2DF-B192F6F907A3}.Debug|Any CPU.ActiveCfg = Debug|Any CPU
		{34F2D38E-7B9E-4ACC-A2DF-B192F6F907A3}.Debug|Any CPU.Build.0 = Debug|Any CPU
		{34F2D38E-7B9E-4ACC-A2DF-B192F6F907A3}.Release|Any CPU.ActiveCfg = Release|Any CPU
		{34F2D38E-7B9E-4ACC-A2DF-B192F6F907A3}.Release|Any CPU.Build.0 = Release|Any CPU
		{AFE72F68-A304-4D55-A262-EC193CC89451}.Debug|Any CPU.ActiveCfg = Debug|Any CPU
		{AFE72F68-A304-4D55-A262-EC193CC89451}.Debug|Any CPU.Build.0 = Debug|Any CPU
		{AFE72F68-A304-4D55-A262-EC193CC89451}.Release|Any CPU.ActiveCfg = Release|Any CPU
		{AFE72F68-A304-4D55-A262-EC193CC89451}.Release|Any CPU.Build.0 = Release|Any CPU
		{E923FE03-9C56-43D7-BED6-7E023A4230CA}.Debug|Any CPU.ActiveCfg = Debug|Any CPU
		{E923FE03-9C56-43D7-BED6-7E023A4230CA}.Debug|Any CPU.Build.0 = Debug|Any CPU
		{E923FE03-9C56-43D7-BED6-7E023A4230CA}.Release|Any CPU.ActiveCfg = Release|Any CPU
		{E923FE03-9C56-43D7-BED6-7E023A4230CA}.Release|Any CPU.Build.0 = Release|Any CPU
		{07B6D7EF-CBF7-483E-929A-0837264A55DD}.Debug|Any CPU.ActiveCfg = Debug|Any CPU
		{07B6D7EF-CBF7-483E-929A-0837264A55DD}.Debug|Any CPU.Build.0 = Debug|Any CPU
		{07B6D7EF-CBF7-483E-929A-0837264A55DD}.Release|Any CPU.ActiveCfg = Release|Any CPU
		{07B6D7EF-CBF7-483E-929A-0837264A55DD}.Release|Any CPU.Build.0 = Release|Any CPU
		{146204DA-0039-4755-9BD0-0361DB91525E}.Debug|Any CPU.ActiveCfg = Debug|Any CPU
		{146204DA-0039-4755-9BD0-0361DB91525E}.Debug|Any CPU.Build.0 = Debug|Any CPU
		{146204DA-0039-4755-9BD0-0361DB91525E}.Release|Any CPU.ActiveCfg = Release|Any CPU
		{146204DA-0039-4755-9BD0-0361DB91525E}.Release|Any CPU.Build.0 = Release|Any CPU
		{5ED75709-F4BD-4901-B0BF-7A964493B959}.Debug|Any CPU.ActiveCfg = Debug|Any CPU
		{5ED75709-F4BD-4901-B0BF-7A964493B959}.Debug|Any CPU.Build.0 = Debug|Any CPU
		{5ED75709-F4BD-4901-B0BF-7A964493B959}.Release|Any CPU.ActiveCfg = Release|Any CPU
		{5ED75709-F4BD-4901-B0BF-7A964493B959}.Release|Any CPU.Build.0 = Release|Any CPU
<<<<<<< HEAD
=======
		{129BD341-2507-4F2A-9918-3DC9224EBA30}.Debug|Any CPU.ActiveCfg = Debug|Any CPU
		{129BD341-2507-4F2A-9918-3DC9224EBA30}.Debug|Any CPU.Build.0 = Debug|Any CPU
		{129BD341-2507-4F2A-9918-3DC9224EBA30}.Release|Any CPU.ActiveCfg = Release|Any CPU
		{129BD341-2507-4F2A-9918-3DC9224EBA30}.Release|Any CPU.Build.0 = Release|Any CPU
		{61E38E93-A000-4F79-9007-56A2973CCA25}.Debug|Any CPU.ActiveCfg = Debug|Any CPU
		{61E38E93-A000-4F79-9007-56A2973CCA25}.Debug|Any CPU.Build.0 = Debug|Any CPU
		{61E38E93-A000-4F79-9007-56A2973CCA25}.Release|Any CPU.ActiveCfg = Release|Any CPU
		{61E38E93-A000-4F79-9007-56A2973CCA25}.Release|Any CPU.Build.0 = Release|Any CPU
		{5B125843-E0B8-46EC-847D-D974825200CD}.Debug|Any CPU.ActiveCfg = Debug|Any CPU
		{5B125843-E0B8-46EC-847D-D974825200CD}.Debug|Any CPU.Build.0 = Debug|Any CPU
		{5B125843-E0B8-46EC-847D-D974825200CD}.Release|Any CPU.ActiveCfg = Release|Any CPU
		{5B125843-E0B8-46EC-847D-D974825200CD}.Release|Any CPU.Build.0 = Release|Any CPU
		{02EB44AD-E075-4DF5-A582-AC7FA949917E}.Debug|Any CPU.ActiveCfg = Debug|Any CPU
		{02EB44AD-E075-4DF5-A582-AC7FA949917E}.Debug|Any CPU.Build.0 = Debug|Any CPU
		{02EB44AD-E075-4DF5-A582-AC7FA949917E}.Release|Any CPU.ActiveCfg = Release|Any CPU
		{02EB44AD-E075-4DF5-A582-AC7FA949917E}.Release|Any CPU.Build.0 = Release|Any CPU
		{81E9DA38-35AF-4AC4-BAB8-959E023E2233}.Debug|Any CPU.ActiveCfg = Debug|Any CPU
		{81E9DA38-35AF-4AC4-BAB8-959E023E2233}.Debug|Any CPU.Build.0 = Debug|Any CPU
		{81E9DA38-35AF-4AC4-BAB8-959E023E2233}.Release|Any CPU.ActiveCfg = Release|Any CPU
		{81E9DA38-35AF-4AC4-BAB8-959E023E2233}.Release|Any CPU.Build.0 = Release|Any CPU
		{1CA6E05C-4405-4787-A7BA-2FA723584CD4}.Debug|Any CPU.ActiveCfg = Debug|Any CPU
		{1CA6E05C-4405-4787-A7BA-2FA723584CD4}.Debug|Any CPU.Build.0 = Debug|Any CPU
		{1CA6E05C-4405-4787-A7BA-2FA723584CD4}.Release|Any CPU.ActiveCfg = Release|Any CPU
		{1CA6E05C-4405-4787-A7BA-2FA723584CD4}.Release|Any CPU.Build.0 = Release|Any CPU
		{11E9ACD9-1933-4D1D-B99A-9763161759EA}.Debug|Any CPU.ActiveCfg = Debug|Any CPU
		{11E9ACD9-1933-4D1D-B99A-9763161759EA}.Debug|Any CPU.Build.0 = Debug|Any CPU
		{11E9ACD9-1933-4D1D-B99A-9763161759EA}.Release|Any CPU.ActiveCfg = Release|Any CPU
		{11E9ACD9-1933-4D1D-B99A-9763161759EA}.Release|Any CPU.Build.0 = Release|Any CPU
>>>>>>> Development
	EndGlobalSection
	GlobalSection(SolutionProperties) = preSolution
		HideSolutionNode = FALSE
	EndGlobalSection
	GlobalSection(NestedProjects) = preSolution
		{34F2D38E-7B9E-4ACC-A2DF-B192F6F907A3} = {04B6949A-CED9-4EDA-A048-5D9756B7DF3E}
		{5ED75709-F4BD-4901-B0BF-7A964493B959} = {04B6949A-CED9-4EDA-A048-5D9756B7DF3E}
<<<<<<< HEAD
=======
		{129BD341-2507-4F2A-9918-3DC9224EBA30} = {2931DE98-61D7-4B7B-A2EA-DAB99356DF91}
		{61E38E93-A000-4F79-9007-56A2973CCA25} = {2931DE98-61D7-4B7B-A2EA-DAB99356DF91}
		{5B125843-E0B8-46EC-847D-D974825200CD} = {2931DE98-61D7-4B7B-A2EA-DAB99356DF91}
		{02EB44AD-E075-4DF5-A582-AC7FA949917E} = {2931DE98-61D7-4B7B-A2EA-DAB99356DF91}
		{81E9DA38-35AF-4AC4-BAB8-959E023E2233} = {2931DE98-61D7-4B7B-A2EA-DAB99356DF91}
		{1CA6E05C-4405-4787-A7BA-2FA723584CD4} = {2931DE98-61D7-4B7B-A2EA-DAB99356DF91}
		{11E9ACD9-1933-4D1D-B99A-9763161759EA} = {2931DE98-61D7-4B7B-A2EA-DAB99356DF91}
>>>>>>> Development
	EndGlobalSection
	GlobalSection(ExtensibilityGlobals) = postSolution
		SolutionGuid = {1057192C-61B8-478E-9683-B71AD30C4CAC}
	EndGlobalSection
EndGlobal
